
Microsoft Visual Studio Solution File, Format Version 12.00
# Visual Studio Version 16
VisualStudioVersion = 16.0.30320.27
MinimumVisualStudioVersion = 10.0.40219.1
Project("{FAE04EC0-301F-11D3-BF4B-00C04F79EFBC}") = "WatchPortalFunction", "WatchPortalFunction\WatchPortalFunction.csproj", "{6A0A5EE8-C54A-4773-9A4A-362D8B7B59C2}"
EndProject
Project("{FAE04EC0-301F-11D3-BF4B-00C04F79EFBC}") = "WatchPortalFunctionTests", "WatchPortalFunctionTests\WatchPortalFunctionTests.csproj", "{3B5F8809-BBE3-4B91-830D-CBB4A60AACD5}"
EndProject
Global
	GlobalSection(SolutionConfigurationPlatforms) = preSolution
		Debug|Any CPU = Debug|Any CPU
		Release|Any CPU = Release|Any CPU
	EndGlobalSection
	GlobalSection(ProjectConfigurationPlatforms) = postSolution
		{6A0A5EE8-C54A-4773-9A4A-362D8B7B59C2}.Debug|Any CPU.ActiveCfg = Debug|Any CPU
		{6A0A5EE8-C54A-4773-9A4A-362D8B7B59C2}.Debug|Any CPU.Build.0 = Debug|Any CPU
		{6A0A5EE8-C54A-4773-9A4A-362D8B7B59C2}.Release|Any CPU.ActiveCfg = Release|Any CPU
		{6A0A5EE8-C54A-4773-9A4A-362D8B7B59C2}.Release|Any CPU.Build.0 = Release|Any CPU
		{3B5F8809-BBE3-4B91-830D-CBB4A60AACD5}.Debug|Any CPU.ActiveCfg = Debug|Any CPU
		{3B5F8809-BBE3-4B91-830D-CBB4A60AACD5}.Debug|Any CPU.Build.0 = Debug|Any CPU
		{3B5F8809-BBE3-4B91-830D-CBB4A60AACD5}.Release|Any CPU.ActiveCfg = Release|Any CPU
		{3B5F8809-BBE3-4B91-830D-CBB4A60AACD5}.Release|Any CPU.Build.0 = Release|Any CPU
	EndGlobalSection
	GlobalSection(SolutionProperties) = preSolution
		HideSolutionNode = FALSE
	EndGlobalSection
	GlobalSection(ExtensibilityGlobals) = postSolution
		SolutionGuid = {2A30BABA-97DE-4E80-B2A7-C7243FEBBACF}
	EndGlobalSection
EndGlobal
